# This file is autogenerated, do not edit; changes may be undone by the next 'dep ensure'.


[[projects]]
  digest = "1:f11a8792c4c5adb28b18c04b478c7f9dc48d54b8e2a90a56b17592afbc4f636e"
  name = "github.com/gocql/gocql"
  packages = [
    ".",
    "internal/lru",
    "internal/murmur",
    "internal/streams",
  ]
  pruneopts = "UT"
  revision = "9bf6ce5bbcf1d790a892d0d470044bc891b798d6"

[[projects]]
  digest = "1:97df918963298c287643883209a2c3f642e6593379f97ab400c2a2e219ab647d"
  name = "github.com/golang/protobuf"
  packages = ["proto"]
  pruneopts = "UT"
  revision = "aa810b61a9c79d51363740d207bb46cf8e620ed5"
  version = "v1.2.0"

[[projects]]
  branch = "master"
  digest = "1:4a0c6bb4805508a6287675fac876be2ac1182539ca8a32468d8128882e9d5009"
  name = "github.com/golang/snappy"
  packages = ["."]
  pruneopts = "UT"
  revision = "2e65f85255dbc3072edf28d6b5b8efc472979f5a"

[[projects]]
  branch = "master"
  digest = "1:364b908b9b27b97ab838f2f6f1b1f46281fa29b978a037d72a9b1d4f6d940190"
  name = "github.com/hailocab/go-hostpool"
  packages = ["."]
  pruneopts = "UT"
  revision = "e80d13ce29ede4452c43dea11e79b9bc8a15b478"

[[projects]]
  branch = "master"
  digest = "1:aa3d8d42865c42626b5c1add193692d045b3188b1479f0a0a88690d21fe20083"
  name = "github.com/mailru/easyjson"
  packages = [
    ".",
    "buffer",
    "jlexer",
    "jwriter",
  ]
  pruneopts = "UT"
  revision = "60711f1a8329503b04e1c88535f419d0bb440bff"

[[projects]]
  branch = "master"
  digest = "1:bc6e1972169e5a23b08427aeee2f5dd91a58ae244a08e474589b901615196cad"
  name = "github.com/subiz/cassandra"
  packages = ["."]
  pruneopts = "UT"
  revision = "54cfab88bd3e02aa38b7f42b17732de1271eae10"

[[projects]]
  branch = "master"
  digest = "1:872adc54b426d86a11e6adb9e0d0e66da37e085cbc1a3783bfcd608df6e3902e"
  name = "github.com/subiz/errors"
  packages = ["."]
  pruneopts = "UT"
  revision = "a02a3e0fad4d16476a39b72d968e6b099ec14045"

[[projects]]
  branch = "master"
  digest = "1:45d6888044dcf8fa5ab5bf689245d83a3059b73211ad40f4e84b50a8af2a00e5"
  name = "github.com/subiz/header"
  packages = ["partitioner"]
  pruneopts = "UT"
  revision = "c6c1463e93eae69c04773639e45791fc3a5d4bf3"

[[projects]]
  digest = "1:2d1fbdc6777e5408cabeb02bf336305e724b925ff4546ded0fa8715a7267922a"
  name = "gopkg.in/inf.v0"
  packages = ["."]
  pruneopts = "UT"
  revision = "d2d2541c53f18d2a059457998ce2876cc8e67cbf"
  version = "v0.9.1"

[solve-meta]
  analyzer-name = "dep"
  analyzer-version = 1
  input-imports = [
    "github.com/gocql/gocql",
    "github.com/golang/protobuf/proto",
    "github.com/subiz/cassandra",
    "github.com/subiz/errors",
    "github.com/subiz/header/partitioner",
  ]
  solver-name = "gps-cdcl"
  solver-version = 1
